
Microsoft Visual Studio Solution File, Format Version 12.00
# Visual Studio 14
VisualStudioVersion = 14.0.25123.0
MinimumVisualStudioVersion = 10.0.40219.1
Project("{FAE04EC0-301F-11D3-BF4B-00C04F79EFBC}") = "QyWeixin", "WxEnt\QyWeixin.csproj", "{59AF916F-3F9C-4677-A291-1DE673D73F7A}"
EndProject
Project("{FAE04EC0-301F-11D3-BF4B-00C04F79EFBC}") = "PHDS.Web", "PHDS.Web\PHDS.Web.csproj", "{F7FC8B9F-69F4-41E8-9314-9C686F985F98}"
EndProject
Project("{FAE04EC0-301F-11D3-BF4B-00C04F79EFBC}") = "PHDS.Entities", "PHDS.Entities\PHDS.Entities.csproj", "{7FB31917-A1C5-4DA1-A4DD-5CEDEB7FF52C}"
EndProject
Project("{FAE04EC0-301F-11D3-BF4B-00C04F79EFBC}") = "PHDS.Identity", "PHDS.Identity\PHDS.Identity.csproj", "{3C9F5FAA-0890-42FA-A611-128D792AD07B}"
EndProject
Global
	GlobalSection(SolutionConfigurationPlatforms) = preSolution
		Debug|Any CPU = Debug|Any CPU
		Release|Any CPU = Release|Any CPU
	EndGlobalSection
	GlobalSection(ProjectConfigurationPlatforms) = postSolution
		{59AF916F-3F9C-4677-A291-1DE673D73F7A}.Debug|Any CPU.ActiveCfg = Debug|Any CPU
		{59AF916F-3F9C-4677-A291-1DE673D73F7A}.Debug|Any CPU.Build.0 = Debug|Any CPU
		{59AF916F-3F9C-4677-A291-1DE673D73F7A}.Release|Any CPU.ActiveCfg = Release|Any CPU
		{59AF916F-3F9C-4677-A291-1DE673D73F7A}.Release|Any CPU.Build.0 = Release|Any CPU
		{F7FC8B9F-69F4-41E8-9314-9C686F985F98}.Debug|Any CPU.ActiveCfg = Debug|Any CPU
		{F7FC8B9F-69F4-41E8-9314-9C686F985F98}.Debug|Any CPU.Build.0 = Debug|Any CPU
		{F7FC8B9F-69F4-41E8-9314-9C686F985F98}.Release|Any CPU.ActiveCfg = Release|Any CPU
		{F7FC8B9F-69F4-41E8-9314-9C686F985F98}.Release|Any CPU.Build.0 = Release|Any CPU
		{7FB31917-A1C5-4DA1-A4DD-5CEDEB7FF52C}.Debug|Any CPU.ActiveCfg = Debug|Any CPU
		{7FB31917-A1C5-4DA1-A4DD-5CEDEB7FF52C}.Debug|Any CPU.Build.0 = Debug|Any CPU
		{7FB31917-A1C5-4DA1-A4DD-5CEDEB7FF52C}.Release|Any CPU.ActiveCfg = Release|Any CPU
		{7FB31917-A1C5-4DA1-A4DD-5CEDEB7FF52C}.Release|Any CPU.Build.0 = Release|Any CPU
		{3C9F5FAA-0890-42FA-A611-128D792AD07B}.Debug|Any CPU.ActiveCfg = Debug|Any CPU
		{3C9F5FAA-0890-42FA-A611-128D792AD07B}.Debug|Any CPU.Build.0 = Debug|Any CPU
		{3C9F5FAA-0890-42FA-A611-128D792AD07B}.Release|Any CPU.ActiveCfg = Release|Any CPU
		{3C9F5FAA-0890-42FA-A611-128D792AD07B}.Release|Any CPU.Build.0 = Release|Any CPU
	EndGlobalSection
	GlobalSection(SolutionProperties) = preSolution
		HideSolutionNode = FALSE
	EndGlobalSection
EndGlobal
